
Microsoft Visual Studio Solution File, Format Version 12.00
# Visual Studio Version 16
VisualStudioVersion = 16.0.32106.194
MinimumVisualStudioVersion = 10.0.40219.1
Project("{FAE04EC0-301F-11D3-BF4B-00C04F79EFBC}") = "EmailStringFormatTest", "EmailStringFormatTest\EmailStringFormatTest.csproj", "{46A5E38E-5D6A-4996-B283-080B32F3043E}"
EndProject
Global
	GlobalSection(SolutionConfigurationPlatforms) = preSolution
		Debug|Any CPU = Debug|Any CPU
		Release|Any CPU = Release|Any CPU
	EndGlobalSection
	GlobalSection(ProjectConfigurationPlatforms) = postSolution
		{46A5E38E-5D6A-4996-B283-080B32F3043E}.Debug|Any CPU.ActiveCfg = Debug|Any CPU
		{46A5E38E-5D6A-4996-B283-080B32F3043E}.Debug|Any CPU.Build.0 = Debug|Any CPU
		{46A5E38E-5D6A-4996-B283-080B32F3043E}.Release|Any CPU.ActiveCfg = Release|Any CPU
		{46A5E38E-5D6A-4996-B283-080B32F3043E}.Release|Any CPU.Build.0 = Release|Any CPU
	EndGlobalSection
	GlobalSection(SolutionProperties) = preSolution
		HideSolutionNode = FALSE
	EndGlobalSection
	GlobalSection(ExtensibilityGlobals) = postSolution
		SolutionGuid = {D429001B-8E7D-487C-AD0C-FC61A6556741}
	EndGlobalSection
EndGlobal
